
Microsoft Visual Studio Solution File, Format Version 12.00
# Visual Studio 15
VisualStudioVersion = 15.0.27703.2000
MinimumVisualStudioVersion = 10.0.40219.1
Project("{F184B08F-C81C-45F6-A57F-5ABD9991F28F}") = "Ahorcado", "Ahorcado\Ahorcado.vbproj", "{828BC716-D27B-4741-8592-8BEECD3DF46F}"
EndProject
Global
	GlobalSection(SolutionConfigurationPlatforms) = preSolution
		Debug|Any CPU = Debug|Any CPU
		Release|Any CPU = Release|Any CPU
	EndGlobalSection
	GlobalSection(ProjectConfigurationPlatforms) = postSolution
		{828BC716-D27B-4741-8592-8BEECD3DF46F}.Debug|Any CPU.ActiveCfg = Debug|Any CPU
		{828BC716-D27B-4741-8592-8BEECD3DF46F}.Debug|Any CPU.Build.0 = Debug|Any CPU
		{828BC716-D27B-4741-8592-8BEECD3DF46F}.Release|Any CPU.ActiveCfg = Release|Any CPU
		{828BC716-D27B-4741-8592-8BEECD3DF46F}.Release|Any CPU.Build.0 = Release|Any CPU
	EndGlobalSection
	GlobalSection(SolutionProperties) = preSolution
		HideSolutionNode = FALSE
	EndGlobalSection
	GlobalSection(ExtensibilityGlobals) = postSolution
		SolutionGuid = {0C833B78-E7D3-42B2-B6A5-558FDC1E3FD3}
	EndGlobalSection
EndGlobal
